
Microsoft Visual Studio Solution File, Format Version 12.00
# Visual Studio Version 16
VisualStudioVersion = 16.0.30611.23
MinimumVisualStudioVersion = 10.0.40219.1
Project("{2150E333-8FDC-42A3-9474-1A3956D46DE8}") = "Lib", "Lib", "{56BF23D2-7220-48B6-9B71-EB6C7A098E02}"
EndProject
Project("{2150E333-8FDC-42A3-9474-1A3956D46DE8}") = "Solution Items", "Solution Items", "{968221B4-FED5-48F1-AE63-CC5CCCD49AF9}"
	ProjectSection(SolutionItems) = preProject
		ConsoleApp.ps1 = ConsoleApp.ps1
	EndProjectSection
EndProject
Project("{9A19103F-16F7-4668-BE54-9A1E7A4F7556}") = "XTI_ConsoleApp.Extensions", "Lib\XTI_ConsoleApp.Extensions\XTI_ConsoleApp.Extensions.csproj", "{A1ED1BA5-4ACA-4F3D-83D0-1920C1A86A6C}"
EndProject
Project("{9A19103F-16F7-4668-BE54-9A1E7A4F7556}") = "XTI_App.Hosting", "Lib\XTI_App.Hosting\XTI_App.Hosting.csproj", "{FB77E0AF-CA4F-4511-938E-A5A7736AE024}"
EndProject
Project("{9A19103F-16F7-4668-BE54-9A1E7A4F7556}") = "XTI_Schedule", "Lib\XTI_Schedule\XTI_Schedule.csproj", "{C30BD6D7-5F96-4ED1-8C10-D8B95EBDDF5B}"
EndProject
Project("{9A19103F-16F7-4668-BE54-9A1E7A4F7556}") = "XTI_ServiceApp.Extensions", "Lib\XTI_ServiceApp.Extensions\XTI_ServiceApp.Extensions.csproj", "{D459D6B2-265B-478E-AD21-1935FA981B20}"
EndProject
Project("{2150E333-8FDC-42A3-9474-1A3956D46DE8}") = "Tests", "Tests", "{722198A9-6BAB-4D7D-A6A2-E38CEB6D1344}"
EndProject
Project("{9A19103F-16F7-4668-BE54-9A1E7A4F7556}") = "XTI_ConsoleApp.Tests", "Tests\XTI_ConsoleApp.Tests\XTI_ConsoleApp.Tests.csproj", "{8B62854A-C69E-4425-BE6C-CC8484820ED9}"
EndProject
Project("{FAE04EC0-301F-11D3-BF4B-00C04F79EFBC}") = "XTI_ConsoleApp.Fakes", "Lib\XTI_ConsoleApp.Fakes\XTI_ConsoleApp.Fakes.csproj", "{D087EED4-2871-41B3-996E-CB59414C4559}"
EndProject
Project("{FAE04EC0-301F-11D3-BF4B-00C04F79EFBC}") = "XTI_ConsoleApp", "Lib\XTI_ConsoleApp\XTI_ConsoleApp.csproj", "{9360275B-CC6F-4907-810F-C2971DB9291E}"
EndProject
Project("{FAE04EC0-301F-11D3-BF4B-00C04F79EFBC}") = "XTI_ServiceApp", "Lib\XTI_ServiceApp\XTI_ServiceApp.csproj", "{498F76CC-B6C9-4257-864A-9FCD0764EFB0}"
EndProject
Project("{FAE04EC0-301F-11D3-BF4B-00C04F79EFBC}") = "XTI_ServiceApp.Fakes", "Lib\XTI_ServiceApp.Fakes\XTI_ServiceApp.Fakes.csproj", "{BA7048D0-DCB9-4348-A2DC-F9EDB138FE87}"
EndProject
Global
	GlobalSection(SolutionConfigurationPlatforms) = preSolution
		Debug|Any CPU = Debug|Any CPU
		Release|Any CPU = Release|Any CPU
	EndGlobalSection
	GlobalSection(ProjectConfigurationPlatforms) = postSolution
		{A1ED1BA5-4ACA-4F3D-83D0-1920C1A86A6C}.Debug|Any CPU.ActiveCfg = Debug|Any CPU
		{A1ED1BA5-4ACA-4F3D-83D0-1920C1A86A6C}.Debug|Any CPU.Build.0 = Debug|Any CPU
		{A1ED1BA5-4ACA-4F3D-83D0-1920C1A86A6C}.Release|Any CPU.ActiveCfg = Release|Any CPU
		{A1ED1BA5-4ACA-4F3D-83D0-1920C1A86A6C}.Release|Any CPU.Build.0 = Release|Any CPU
		{FB77E0AF-CA4F-4511-938E-A5A7736AE024}.Debug|Any CPU.ActiveCfg = Debug|Any CPU
		{FB77E0AF-CA4F-4511-938E-A5A7736AE024}.Debug|Any CPU.Build.0 = Debug|Any CPU
		{FB77E0AF-CA4F-4511-938E-A5A7736AE024}.Release|Any CPU.ActiveCfg = Release|Any CPU
		{FB77E0AF-CA4F-4511-938E-A5A7736AE024}.Release|Any CPU.Build.0 = Release|Any CPU
		{C30BD6D7-5F96-4ED1-8C10-D8B95EBDDF5B}.Debug|Any CPU.ActiveCfg = Debug|Any CPU
		{C30BD6D7-5F96-4ED1-8C10-D8B95EBDDF5B}.Debug|Any CPU.Build.0 = Debug|Any CPU
		{C30BD6D7-5F96-4ED1-8C10-D8B95EBDDF5B}.Release|Any CPU.ActiveCfg = Release|Any CPU
		{C30BD6D7-5F96-4ED1-8C10-D8B95EBDDF5B}.Release|Any CPU.Build.0 = Release|Any CPU
		{D459D6B2-265B-478E-AD21-1935FA981B20}.Debug|Any CPU.ActiveCfg = Debug|Any CPU
		{D459D6B2-265B-478E-AD21-1935FA981B20}.Debug|Any CPU.Build.0 = Debug|Any CPU
		{D459D6B2-265B-478E-AD21-1935FA981B20}.Release|Any CPU.ActiveCfg = Release|Any CPU
		{D459D6B2-265B-478E-AD21-1935FA981B20}.Release|Any CPU.Build.0 = Release|Any CPU
		{8B62854A-C69E-4425-BE6C-CC8484820ED9}.Debug|Any CPU.ActiveCfg = Debug|Any CPU
		{8B62854A-C69E-4425-BE6C-CC8484820ED9}.Debug|Any CPU.Build.0 = Debug|Any CPU
		{8B62854A-C69E-4425-BE6C-CC8484820ED9}.Release|Any CPU.ActiveCfg = Release|Any CPU
		{8B62854A-C69E-4425-BE6C-CC8484820ED9}.Release|Any CPU.Build.0 = Release|Any CPU
		{D087EED4-2871-41B3-996E-CB59414C4559}.Debug|Any CPU.ActiveCfg = Debug|Any CPU
		{D087EED4-2871-41B3-996E-CB59414C4559}.Debug|Any CPU.Build.0 = Debug|Any CPU
		{D087EED4-2871-41B3-996E-CB59414C4559}.Release|Any CPU.ActiveCfg = Release|Any CPU
		{D087EED4-2871-41B3-996E-CB59414C4559}.Release|Any CPU.Build.0 = Release|Any CPU
		{9360275B-CC6F-4907-810F-C2971DB9291E}.Debug|Any CPU.ActiveCfg = Debug|Any CPU
		{9360275B-CC6F-4907-810F-C2971DB9291E}.Debug|Any CPU.Build.0 = Debug|Any CPU
		{9360275B-CC6F-4907-810F-C2971DB9291E}.Release|Any CPU.ActiveCfg = Release|Any CPU
		{9360275B-CC6F-4907-810F-C2971DB9291E}.Release|Any CPU.Build.0 = Release|Any CPU
		{498F76CC-B6C9-4257-864A-9FCD0764EFB0}.Debug|Any CPU.ActiveCfg = Debug|Any CPU
		{498F76CC-B6C9-4257-864A-9FCD0764EFB0}.Debug|Any CPU.Build.0 = Debug|Any CPU
		{498F76CC-B6C9-4257-864A-9FCD0764EFB0}.Release|Any CPU.ActiveCfg = Release|Any CPU
		{498F76CC-B6C9-4257-864A-9FCD0764EFB0}.Release|Any CPU.Build.0 = Release|Any CPU
		{BA7048D0-DCB9-4348-A2DC-F9EDB138FE87}.Debug|Any CPU.ActiveCfg = Debug|Any CPU
		{BA7048D0-DCB9-4348-A2DC-F9EDB138FE87}.Debug|Any CPU.Build.0 = Debug|Any CPU
		{BA7048D0-DCB9-4348-A2DC-F9EDB138FE87}.Release|Any CPU.ActiveCfg = Release|Any CPU
		{BA7048D0-DCB9-4348-A2DC-F9EDB138FE87}.Release|Any CPU.Build.0 = Release|Any CPU
	EndGlobalSection
	GlobalSection(SolutionProperties) = preSolution
		HideSolutionNode = FALSE
	EndGlobalSection
	GlobalSection(NestedProjects) = preSolution
		{A1ED1BA5-4ACA-4F3D-83D0-1920C1A86A6C} = {56BF23D2-7220-48B6-9B71-EB6C7A098E02}
		{FB77E0AF-CA4F-4511-938E-A5A7736AE024} = {56BF23D2-7220-48B6-9B71-EB6C7A098E02}
		{C30BD6D7-5F96-4ED1-8C10-D8B95EBDDF5B} = {56BF23D2-7220-48B6-9B71-EB6C7A098E02}
		{D459D6B2-265B-478E-AD21-1935FA981B20} = {56BF23D2-7220-48B6-9B71-EB6C7A098E02}
		{8B62854A-C69E-4425-BE6C-CC8484820ED9} = {722198A9-6BAB-4D7D-A6A2-E38CEB6D1344}
		{D087EED4-2871-41B3-996E-CB59414C4559} = {56BF23D2-7220-48B6-9B71-EB6C7A098E02}
		{9360275B-CC6F-4907-810F-C2971DB9291E} = {56BF23D2-7220-48B6-9B71-EB6C7A098E02}
		{498F76CC-B6C9-4257-864A-9FCD0764EFB0} = {56BF23D2-7220-48B6-9B71-EB6C7A098E02}
		{BA7048D0-DCB9-4348-A2DC-F9EDB138FE87} = {56BF23D2-7220-48B6-9B71-EB6C7A098E02}
	EndGlobalSection
	GlobalSection(ExtensibilityGlobals) = postSolution
		SolutionGuid = {8DD8CCEF-ECD7-4577-B4DB-9055AC4C1AB8}
	EndGlobalSection
EndGlobal
